
Microsoft Visual Studio Solution File, Format Version 12.00
# Visual Studio Version 17
VisualStudioVersion = 17.8.34330.188
MinimumVisualStudioVersion = 10.0.40219.1
Project("{FAE04EC0-301F-11D3-BF4B-00C04F79EFBC}") = "Dynamic_Form_with_CosmosDb", "Dynamic_Form_with_CosmosDb.csproj", "{8862B854-033E-4FDA-9AD6-00F9CBF81D9B}"
EndProject
Global
	GlobalSection(SolutionConfigurationPlatforms) = preSolution
		Debug|Any CPU = Debug|Any CPU
		Release|Any CPU = Release|Any CPU
	EndGlobalSection
	GlobalSection(ProjectConfigurationPlatforms) = postSolution
		{8862B854-033E-4FDA-9AD6-00F9CBF81D9B}.Debug|Any CPU.ActiveCfg = Debug|Any CPU
		{8862B854-033E-4FDA-9AD6-00F9CBF81D9B}.Debug|Any CPU.Build.0 = Debug|Any CPU
		{8862B854-033E-4FDA-9AD6-00F9CBF81D9B}.Release|Any CPU.ActiveCfg = Release|Any CPU
		{8862B854-033E-4FDA-9AD6-00F9CBF81D9B}.Release|Any CPU.Build.0 = Release|Any CPU
	EndGlobalSection
	GlobalSection(SolutionProperties) = preSolution
		HideSolutionNode = FALSE
	EndGlobalSection
	GlobalSection(ExtensibilityGlobals) = postSolution
		SolutionGuid = {C36BA387-D7F4-4324-A129-7A56218D4C77}
	EndGlobalSection
EndGlobal
